// !$*UTF8*$!
{
	archiveVersion = 1;
	classes = {
	};
	objectVersion = 51;
	objects = {

/* Begin PBXBuildFile section */
		743E34BFA324FC073057D361 /* Pods_VideoSearchApp.framework in Frameworks */ = {isa = PBXBuildFile; fileRef = 7A6F9C77C310C198182D09AE /* Pods_VideoSearchApp.framework */; };
		D44A116D2308CEBA00EEA81C /* AppDelegate.swift in Sources */ = {isa = PBXBuildFile; fileRef = D44A116C2308CEBA00EEA81C /* AppDelegate.swift */; };
		D44A116F2308CEBA00EEA81C /* ViewController.swift in Sources */ = {isa = PBXBuildFile; fileRef = D44A116E2308CEBA00EEA81C /* ViewController.swift */; };
		D44A11722308CEBA00EEA81C /* Main.storyboard in Resources */ = {isa = PBXBuildFile; fileRef = D44A11702308CEBA00EEA81C /* Main.storyboard */; };
		D44A11742308CEBA00EEA81C /* Assets.xcassets in Resources */ = {isa = PBXBuildFile; fileRef = D44A11732308CEBA00EEA81C /* Assets.xcassets */; };
		D44A11772308CEBA00EEA81C /* LaunchScreen.storyboard in Resources */ = {isa = PBXBuildFile; fileRef = D44A11752308CEBA00EEA81C /* LaunchScreen.storyboard */; };
		D44A11842308D82600EEA81C /* VideoListTableViewController.swift in Sources */ = {isa = PBXBuildFile; fileRef = D44A11832308D82600EEA81C /* VideoListTableViewController.swift */; };
		D44A11862308D85900EEA81C /* VideoListTableViewCell.swift in Sources */ = {isa = PBXBuildFile; fileRef = D44A11852308D85900EEA81C /* VideoListTableViewCell.swift */; };
		D44A11882308DC3F00EEA81C /* VideoListModel.swift in Sources */ = {isa = PBXBuildFile; fileRef = D44A11872308DC3F00EEA81C /* VideoListModel.swift */; };
		D44A118A2308E89B00EEA81C /* VideoListViewModel.swift in Sources */ = {isa = PBXBuildFile; fileRef = D44A11892308E89B00EEA81C /* VideoListViewModel.swift */; };
/* End PBXBuildFile section */

/* Begin PBXFileReference section */
		35F4C5544E00458386CEBFA5 /* Pods-VideoSearchApp.release.xcconfig */ = {isa = PBXFileReference; includeInIndex = 1; lastKnownFileType = text.xcconfig; name = "Pods-VideoSearchApp.release.xcconfig"; path = "Target Support Files/Pods-VideoSearchApp/Pods-VideoSearchApp.release.xcconfig"; sourceTree = "<group>"; };
		3996689544A1D33D239167AD /* Pods-VideoSearchApp.debug.xcconfig */ = {isa = PBXFileReference; includeInIndex = 1; lastKnownFileType = text.xcconfig; name = "Pods-VideoSearchApp.debug.xcconfig"; path = "Target Support Files/Pods-VideoSearchApp/Pods-VideoSearchApp.debug.xcconfig"; sourceTree = "<group>"; };
		7A6F9C77C310C198182D09AE /* Pods_VideoSearchApp.framework */ = {isa = PBXFileReference; explicitFileType = wrapper.framework; includeInIndex = 0; path = Pods_VideoSearchApp.framework; sourceTree = BUILT_PRODUCTS_DIR; };
		D44A11692308CEBA00EEA81C /* VideoSearchApp.app */ = {isa = PBXFileReference; explicitFileType = wrapper.application; includeInIndex = 0; path = VideoSearchApp.app; sourceTree = BUILT_PRODUCTS_DIR; };
		D44A116C2308CEBA00EEA81C /* AppDelegate.swift */ = {isa = PBXFileReference; lastKnownFileType = sourcecode.swift; path = AppDelegate.swift; sourceTree = "<group>"; };
		D44A116E2308CEBA00EEA81C /* ViewController.swift */ = {isa = PBXFileReference; lastKnownFileType = sourcecode.swift; path = ViewController.swift; sourceTree = "<group>"; };
		D44A11712308CEBA00EEA81C /* Base */ = {isa = PBXFileReference; lastKnownFileType = file.storyboard; name = Base; path = Base.lproj/Main.storyboard; sourceTree = "<group>"; };
		D44A11732308CEBA00EEA81C /* Assets.xcassets */ = {isa = PBXFileReference; lastKnownFileType = folder.assetcatalog; path = Assets.xcassets; sourceTree = "<group>"; };
		D44A11762308CEBA00EEA81C /* Base */ = {isa = PBXFileReference; lastKnownFileType = file.storyboard; name = Base; path = Base.lproj/LaunchScreen.storyboard; sourceTree = "<group>"; };
		D44A11782308CEBA00EEA81C /* Info.plist */ = {isa = PBXFileReference; lastKnownFileType = text.plist.xml; path = Info.plist; sourceTree = "<group>"; };
		D44A11832308D82600EEA81C /* VideoListTableViewController.swift */ = {isa = PBXFileReference; lastKnownFileType = sourcecode.swift; path = VideoListTableViewController.swift; sourceTree = "<group>"; };
		D44A11852308D85900EEA81C /* VideoListTableViewCell.swift */ = {isa = PBXFileReference; lastKnownFileType = sourcecode.swift; path = VideoListTableViewCell.swift; sourceTree = "<group>"; };
		D44A11872308DC3F00EEA81C /* VideoListModel.swift */ = {isa = PBXFileReference; lastKnownFileType = sourcecode.swift; path = VideoListModel.swift; sourceTree = "<group>"; };
		D44A11892308E89B00EEA81C /* VideoListViewModel.swift */ = {isa = PBXFileReference; lastKnownFileType = sourcecode.swift; path = VideoListViewModel.swift; sourceTree = "<group>"; };
/* End PBXFileReference section */

/* Begin PBXFrameworksBuildPhase section */
		D44A11662308CEBA00EEA81C /* Frameworks */ = {
			isa = PBXFrameworksBuildPhase;
			buildActionMask = 2147483647;
			files = (
				743E34BFA324FC073057D361 /* Pods_VideoSearchApp.framework in Frameworks */,
			);
			runOnlyForDeploymentPostprocessing = 0;
		};
/* End PBXFrameworksBuildPhase section */

/* Begin PBXGroup section */
		3ABDB975D8059755CEBC4381 /* Pods */ = {
			isa = PBXGroup;
			children = (
				3996689544A1D33D239167AD /* Pods-VideoSearchApp.debug.xcconfig */,
				35F4C5544E00458386CEBFA5 /* Pods-VideoSearchApp.release.xcconfig */,
			);
			path = Pods;
			sourceTree = "<group>";
		};
		B8D5AB283AE1FA970F052AF9 /* Frameworks */ = {
			isa = PBXGroup;
			children = (
				7A6F9C77C310C198182D09AE /* Pods_VideoSearchApp.framework */,
			);
			name = Frameworks;
			sourceTree = "<group>";
		};
		D44A11602308CEBA00EEA81C = {
			isa = PBXGroup;
			children = (
				D44A11802308D2DD00EEA81C /* Models */,
				D44A117F2308D2CE00EEA81C /* ViewModels */,
				D44A117E2308D2C500EEA81C /* Views */,
				D44A116B2308CEBA00EEA81C /* VideoSearchApp */,
				D44A116A2308CEBA00EEA81C /* Products */,
				3ABDB975D8059755CEBC4381 /* Pods */,
				B8D5AB283AE1FA970F052AF9 /* Frameworks */,
			);
			sourceTree = "<group>";
		};
		D44A116A2308CEBA00EEA81C /* Products */ = {
			isa = PBXGroup;
			children = (
				D44A11692308CEBA00EEA81C /* VideoSearchApp.app */,
			);
			name = Products;
			sourceTree = "<group>";
		};
		D44A116B2308CEBA00EEA81C /* VideoSearchApp */ = {
			isa = PBXGroup;
			children = (
				D44A116C2308CEBA00EEA81C /* AppDelegate.swift */,
				D44A11732308CEBA00EEA81C /* Assets.xcassets */,
				D44A11752308CEBA00EEA81C /* LaunchScreen.storyboard */,
				D44A11782308CEBA00EEA81C /* Info.plist */,
			);
			path = VideoSearchApp;
			sourceTree = "<group>";
		};
		D44A117E2308D2C500EEA81C /* Views */ = {
			isa = PBXGroup;
			children = (
				D44A11812308D6FE00EEA81C /* Serach */,
				D44A11822308D70800EEA81C /* VideoList */,
			);
			path = Views;
			sourceTree = "<group>";
		};
		D44A117F2308D2CE00EEA81C /* ViewModels */ = {
			isa = PBXGroup;
			children = (
				D44A118B2308E8BC00EEA81C /* VideoList */,
			);
			path = ViewModels;
			sourceTree = "<group>";
		};
		D44A11802308D2DD00EEA81C /* Models */ = {
			isa = PBXGroup;
			children = (
				D44A11872308DC3F00EEA81C /* VideoListModel.swift */,
			);
			path = Models;
			sourceTree = "<group>";
		};
		D44A11812308D6FE00EEA81C /* Serach */ = {
			isa = PBXGroup;
			children = (
				D44A116E2308CEBA00EEA81C /* ViewController.swift */,
				D44A11702308CEBA00EEA81C /* Main.storyboard */,
			);
			path = Serach;
			sourceTree = "<group>";
		};
		D44A11822308D70800EEA81C /* VideoList */ = {
			isa = PBXGroup;
			children = (
				D44A11832308D82600EEA81C /* VideoListTableViewController.swift */,
				D44A11852308D85900EEA81C /* VideoListTableViewCell.swift */,
			);
			path = VideoList;
			sourceTree = "<group>";
		};
		D44A118B2308E8BC00EEA81C /* VideoList */ = {
			isa = PBXGroup;
			children = (
				D44A11892308E89B00EEA81C /* VideoListViewModel.swift */,
			);
			path = VideoList;
			sourceTree = "<group>";
		};
/* End PBXGroup section */

/* Begin PBXNativeTarget section */
		D44A11682308CEBA00EEA81C /* VideoSearchApp */ = {
			isa = PBXNativeTarget;
			buildConfigurationList = D44A117B2308CEBA00EEA81C /* Build configuration list for PBXNativeTarget "VideoSearchApp" */;
			buildPhases = (
				BBB73AE9510EDB81A2C4F118 /* [CP] Check Pods Manifest.lock */,
				D44A11652308CEBA00EEA81C /* Sources */,
				D44A11662308CEBA00EEA81C /* Frameworks */,
				D44A11672308CEBA00EEA81C /* Resources */,
				122FE90EAAF03AF93747D641 /* [CP] Embed Pods Frameworks */,
			);
			buildRules = (
			);
			dependencies = (
			);
			name = VideoSearchApp;
			productName = VideoSearchApp;
			productReference = D44A11692308CEBA00EEA81C /* VideoSearchApp.app */;
			productType = "com.apple.product-type.application";
		};
/* End PBXNativeTarget section */

/* Begin PBXProject section */
		D44A11612308CEBA00EEA81C /* Project object */ = {
			isa = PBXProject;
			attributes = {
				LastSwiftUpdateCheck = 1020;
				LastUpgradeCheck = 1020;
				ORGANIZATIONNAME = "坂口卓也";
				TargetAttributes = {
					D44A11682308CEBA00EEA81C = {
						CreatedOnToolsVersion = 10.2.1;
					};
				};
			};
			buildConfigurationList = D44A11642308CEBA00EEA81C /* Build configuration list for PBXProject "VideoSearchApp" */;
			compatibilityVersion = "Xcode 9.3";
			developmentRegion = en;
			hasScannedForEncodings = 0;
			knownRegions = (
				en,
				Base,
			);
			mainGroup = D44A11602308CEBA00EEA81C;
			productRefGroup = D44A116A2308CEBA00EEA81C /* Products */;
			projectDirPath = "";
			projectRoot = "";
			targets = (
				D44A11682308CEBA00EEA81C /* VideoSearchApp */,
			);
		};
/* End PBXProject section */

/* Begin PBXResourcesBuildPhase section */
		D44A11672308CEBA00EEA81C /* Resources */ = {
			isa = PBXResourcesBuildPhase;
			buildActionMask = 2147483647;
			files = (
				D44A11772308CEBA00EEA81C /* LaunchScreen.storyboard in Resources */,
				D44A11742308CEBA00EEA81C /* Assets.xcassets in Resources */,
				D44A11722308CEBA00EEA81C /* Main.storyboard in Resources */,
			);
			runOnlyForDeploymentPostprocessing = 0;
		};
/* End PBXResourcesBuildPhase section */

/* Begin PBXShellScriptBuildPhase section */
		122FE90EAAF03AF93747D641 /* [CP] Embed Pods Frameworks */ = {
			isa = PBXShellScriptBuildPhase;
			buildActionMask = 2147483647;
			files = (
			);
			inputFileListPaths = (
				"${PODS_ROOT}/Target Support Files/Pods-VideoSearchApp/Pods-VideoSearchApp-frameworks-${CONFIGURATION}-input-files.xcfilelist",
			);
			name = "[CP] Embed Pods Frameworks";
			outputFileListPaths = (
				"${PODS_ROOT}/Target Support Files/Pods-VideoSearchApp/Pods-VideoSearchApp-frameworks-${CONFIGURATION}-output-files.xcfilelist",
			);
			runOnlyForDeploymentPostprocessing = 0;
			shellPath = /bin/sh;
			shellScript = "\"${PODS_ROOT}/Target Support Files/Pods-VideoSearchApp/Pods-VideoSearchApp-frameworks.sh\"\n";
			showEnvVarsInLog = 0;
		};
		BBB73AE9510EDB81A2C4F118 /* [CP] Check Pods Manifest.lock */ = {
			isa = PBXShellScriptBuildPhase;
			buildActionMask = 2147483647;
			files = (
			);
			inputFileListPaths = (
			);
			inputPaths = (
				"${PODS_PODFILE_DIR_PATH}/Podfile.lock",
				"${PODS_ROOT}/Manifest.lock",
			);
			name = "[CP] Check Pods Manifest.lock";
			outputFileListPaths = (
			);
			outputPaths = (
				"$(DERIVED_FILE_DIR)/Pods-VideoSearchApp-checkManifestLockResult.txt",
			);
			runOnlyForDeploymentPostprocessing = 0;
			shellPath = /bin/sh;
			shellScript = "diff \"${PODS_PODFILE_DIR_PATH}/Podfile.lock\" \"${PODS_ROOT}/Manifest.lock\" > /dev/null\nif [ $? != 0 ] ; then\n    # print error to STDERR\n    echo \"error: The sandbox is not in sync with the Podfile.lock. Run 'pod install' or update your CocoaPods installation.\" >&2\n    exit 1\nfi\n# This output is used by Xcode 'outputs' to avoid re-running this script phase.\necho \"SUCCESS\" > \"${SCRIPT_OUTPUT_FILE_0}\"\n";
			showEnvVarsInLog = 0;
		};
/* End PBXShellScriptBuildPhase section */

/* Begin PBXSourcesBuildPhase section */
		D44A11652308CEBA00EEA81C /* Sources */ = {
			isa = PBXSourcesBuildPhase;
			buildActionMask = 2147483647;
			files = (
				D44A116F2308CEBA00EEA81C /* ViewController.swift in Sources */,
				D44A11862308D85900EEA81C /* VideoListTableViewCell.swift in Sources */,
				D44A118A2308E89B00EEA81C /* VideoListViewModel.swift in Sources */,
				D44A11842308D82600EEA81C /* VideoListTableViewController.swift in Sources */,
				D44A11882308DC3F00EEA81C /* VideoListModel.swift in Sources */,
				D44A116D2308CEBA00EEA81C /* AppDelegate.swift in Sources */,
			);
			runOnlyForDeploymentPostprocessing = 0;
		};
/* End PBXSourcesBuildPhase section */

/* Begin PBXVariantGroup section */
		D44A11702308CEBA00EEA81C /* Main.storyboard */ = {
			isa = PBXVariantGroup;
			children = (
				D44A11712308CEBA00EEA81C /* Base */,
			);
			name = Main.storyboard;
			sourceTree = "<group>";
		};
		D44A11752308CEBA00EEA81C /* LaunchScreen.storyboard */ = {
			isa = PBXVariantGroup;
			children = (
				D44A11762308CEBA00EEA81C /* Base */,
			);
			name = LaunchScreen.storyboard;
			sourceTree = "<group>";
		};
/* End PBXVariantGroup section */

/* Begin XCBuildConfiguration section */
		D44A11792308CEBA00EEA81C /* Debug */ = {
			isa = XCBuildConfiguration;
			buildSettings = {
				ALWAYS_SEARCH_USER_PATHS = NO;
				CLANG_ANALYZER_NONNULL = YES;
				CLANG_ANALYZER_NUMBER_OBJECT_CONVERSION = YES_AGGRESSIVE;
				CLANG_CXX_LANGUAGE_STANDARD = "gnu++14";
				CLANG_CXX_LIBRARY = "libc++";
				CLANG_ENABLE_MODULES = YES;
				CLANG_ENABLE_OBJC_ARC = YES;
				CLANG_ENABLE_OBJC_WEAK = YES;
				CLANG_WARN_BLOCK_CAPTURE_AUTORELEASING = YES;
				CLANG_WARN_BOOL_CONVERSION = YES;
				CLANG_WARN_COMMA = YES;
				CLANG_WARN_CONSTANT_CONVERSION = YES;
				CLANG_WARN_DEPRECATED_OBJC_IMPLEMENTATIONS = YES;
				CLANG_WARN_DIRECT_OBJC_ISA_USAGE = YES_ERROR;
				CLANG_WARN_DOCUMENTATION_COMMENTS = YES;
				CLANG_WARN_EMPTY_BODY = YES;
				CLANG_WARN_ENUM_CONVERSION = YES;
				CLANG_WARN_INFINITE_RECURSION = YES;
				CLANG_WARN_INT_CONVERSION = YES;
				CLANG_WARN_NON_LITERAL_NULL_CONVERSION = YES;
				CLANG_WARN_OBJC_IMPLICIT_RETAIN_SELF = YES;
				CLANG_WARN_OBJC_LITERAL_CONVERSION = YES;
				CLANG_WARN_OBJC_ROOT_CLASS = YES_ERROR;
				CLANG_WARN_RANGE_LOOP_ANALYSIS = YES;
				CLANG_WARN_STRICT_PROTOTYPES = YES;
				CLANG_WARN_SUSPICIOUS_MOVE = YES;
				CLANG_WARN_UNGUARDED_AVAILABILITY = YES_AGGRESSIVE;
				CLANG_WARN_UNREACHABLE_CODE = YES;
				CLANG_WARN__DUPLICATE_METHOD_MATCH = YES;
				CODE_SIGN_IDENTITY = "iPhone Developer";
				COPY_PHASE_STRIP = NO;
				DEBUG_INFORMATION_FORMAT = dwarf;
				ENABLE_STRICT_OBJC_MSGSEND = YES;
				ENABLE_TESTABILITY = YES;
				GCC_C_LANGUAGE_STANDARD = gnu11;
				GCC_DYNAMIC_NO_PIC = NO;
				GCC_NO_COMMON_BLOCKS = YES;
				GCC_OPTIMIZATION_LEVEL = 0;
				GCC_PREPROCESSOR_DEFINITIONS = (
					"DEBUG=1",
					"$(inherited)",
				);
				GCC_WARN_64_TO_32_BIT_CONVERSION = YES;
				GCC_WARN_ABOUT_RETURN_TYPE = YES_ERROR;
				GCC_WARN_UNDECLARED_SELECTOR = YES;
				GCC_WARN_UNINITIALIZED_AUTOS = YES_AGGRESSIVE;
				GCC_WARN_UNUSED_FUNCTION = YES;
				GCC_WARN_UNUSED_VARIABLE = YES;
				IPHONEOS_DEPLOYMENT_TARGET = 12.2;
				MTL_ENABLE_DEBUG_INFO = INCLUDE_SOURCE;
				MTL_FAST_MATH = YES;
				ONLY_ACTIVE_ARCH = YES;
				SDKROOT = iphoneos;
				SWIFT_ACTIVE_COMPILATION_CONDITIONS = DEBUG;
				SWIFT_OPTIMIZATION_LEVEL = "-Onone";
			};
			name = Debug;
		};
		D44A117A2308CEBA00EEA81C /* Release */ = {
			isa = XCBuildConfiguration;
			buildSettings = {
				ALWAYS_SEARCH_USER_PATHS = NO;
				CLANG_ANALYZER_NONNULL = YES;
				CLANG_ANALYZER_NUMBER_OBJECT_CONVERSION = YES_AGGRESSIVE;
				CLANG_CXX_LANGUAGE_STANDARD = "gnu++14";
				CLANG_CXX_LIBRARY = "libc++";
				CLANG_ENABLE_MODULES = YES;
				CLANG_ENABLE_OBJC_ARC = YES;
				CLANG_ENABLE_OBJC_WEAK = YES;
				CLANG_WARN_BLOCK_CAPTURE_AUTORELEASING = YES;
				CLANG_WARN_BOOL_CONVERSION = YES;
				CLANG_WARN_COMMA = YES;
				CLANG_WARN_CONSTANT_CONVERSION = YES;
				CLANG_WARN_DEPRECATED_OBJC_IMPLEMENTATIONS = YES;
				CLANG_WARN_DIRECT_OBJC_ISA_USAGE = YES_ERROR;
				CLANG_WARN_DOCUMENTATION_COMMENTS = YES;
				CLANG_WARN_EMPTY_BODY = YES;
				CLANG_WARN_ENUM_CONVERSION = YES;
				CLANG_WARN_INFINITE_RECURSION = YES;
				CLANG_WARN_INT_CONVERSION = YES;
				CLANG_WARN_NON_LITERAL_NULL_CONVERSION = YES;
				CLANG_WARN_OBJC_IMPLICIT_RETAIN_SELF = YES;
				CLANG_WARN_OBJC_LITERAL_CONVERSION = YES;
				CLANG_WARN_OBJC_ROOT_CLASS = YES_ERROR;
				CLANG_WARN_RANGE_LOOP_ANALYSIS = YES;
				CLANG_WARN_STRICT_PROTOTYPES = YES;
				CLANG_WARN_SUSPICIOUS_MOVE = YES;
				CLANG_WARN_UNGUARDED_AVAILABILITY = YES_AGGRESSIVE;
				CLANG_WARN_UNREACHABLE_CODE = YES;
				CLANG_WARN__DUPLICATE_METHOD_MATCH = YES;
				CODE_SIGN_IDENTITY = "iPhone Developer";
				COPY_PHASE_STRIP = NO;
				DEBUG_INFORMATION_FORMAT = "dwarf-with-dsym";
				ENABLE_NS_ASSERTIONS = NO;
				ENABLE_STRICT_OBJC_MSGSEND = YES;
				GCC_C_LANGUAGE_STANDARD = gnu11;
				GCC_NO_COMMON_BLOCKS = YES;
				GCC_WARN_64_TO_32_BIT_CONVERSION = YES;
				GCC_WARN_ABOUT_RETURN_TYPE = YES_ERROR;
				GCC_WARN_UNDECLARED_SELECTOR = YES;
				GCC_WARN_UNINITIALIZED_AUTOS = YES_AGGRESSIVE;
				GCC_WARN_UNUSED_FUNCTION = YES;
				GCC_WARN_UNUSED_VARIABLE = YES;
				IPHONEOS_DEPLOYMENT_TARGET = 12.2;
				MTL_ENABLE_DEBUG_INFO = NO;
				MTL_FAST_MATH = YES;
				SDKROOT = iphoneos;
				SWIFT_COMPILATION_MODE = wholemodule;
				SWIFT_OPTIMIZATION_LEVEL = "-O";
				VALIDATE_PRODUCT = YES;
			};
			name = Release;
		};
		D44A117C2308CEBA00EEA81C /* Debug */ = {
			isa = XCBuildConfiguration;
			baseConfigurationReference = 3996689544A1D33D239167AD /* Pods-VideoSearchApp.debug.xcconfig */;
			buildSettings = {
				ASSETCATALOG_COMPILER_APPICON_NAME = AppIcon;
				CODE_SIGN_STYLE = Automatic;
				INFOPLIST_FILE = VideoSearchApp/Info.plist;
				LD_RUNPATH_SEARCH_PATHS = (
					"$(inherited)",
					"@executable_path/Frameworks",
				);
				PRODUCT_BUNDLE_IDENTIFIER = vertex.VideoSearchApp;
				PRODUCT_NAME = "$(TARGET_NAME)";
				SWIFT_VERSION = 5.0;
				TARGETED_DEVICE_FAMILY = "1,2";
			};
			name = Debug;
		};
		D44A117D2308CEBA00EEA81C /* Release */ = {
			isa = XCBuildConfiguration;
			baseConfigurationReference = 35F4C5544E00458386CEBFA5 /* Pods-VideoSearchApp.release.xcconfig */;
			buildSettings = {
				ASSETCATALOG_COMPILER_APPICON_NAME = AppIcon;
				CODE_SIGN_STYLE = Automatic;
				INFOPLIST_FILE = VideoSearchApp/Info.plist;
				LD_RUNPATH_SEARCH_PATHS = (
					"$(inherited)",
					"@executable_path/Frameworks",
				);
				PRODUCT_BUNDLE_IDENTIFIER = vertex.VideoSearchApp;
				PRODUCT_NAME = "$(TARGET_NAME)";
				SWIFT_VERSION = 5.0;
				TARGETED_DEVICE_FAMILY = "1,2";
			};
			name = Release;
		};
/* End XCBuildConfiguration section */

/* Begin XCConfigurationList section */
		D44A11642308CEBA00EEA81C /* Build configuration list for PBXProject "VideoSearchApp" */ = {
			isa = XCConfigurationList;
			buildConfigurations = (
				D44A11792308CEBA00EEA81C /* Debug */,
				D44A117A2308CEBA00EEA81C /* Release */,
			);
			defaultConfigurationIsVisible = 0;
			defaultConfigurationName = Release;
		};
		D44A117B2308CEBA00EEA81C /* Build configuration list for PBXNativeTarget "VideoSearchApp" */ = {
			isa = XCConfigurationList;
			buildConfigurations = (
				D44A117C2308CEBA00EEA81C /* Debug */,
				D44A117D2308CEBA00EEA81C /* Release */,
			);
			defaultConfigurationIsVisible = 0;
			defaultConfigurationName = Release;
		};
/* End XCConfigurationList section */
	};
	rootObject = D44A11612308CEBA00EEA81C /* Project object */;
}
